Microsoft Visual Studio Solution File, Format Version 12.00
# Visual Studio 14
VisualStudioVersion = 14.0.25420.1
MinimumVisualStudioVersion = 10.0.40219.1
Project("{FAE04EC0-301F-11D3-BF4B-00C04F79EFBC}") = "GAP.TechnicalTest.API", "GAP.TechnicalTest.API\GAP.TechnicalTest.API.csproj", "{71FE6643-F968-442F-AB3C-DBAEA9ACCACA}"
EndProject
Project("{FAE04EC0-301F-11D3-BF4B-00C04F79EFBC}") = "GAP.TechnicalTest.UnitTests", "GAP.TechnicalTest.UnitTests\GAP.TechnicalTest.UnitTests.csproj", "{9905000A-8AEC-4840-913C-EF26BCF5514E}"
EndProject
Project("{FAE04EC0-301F-11D3-BF4B-00C04F79EFBC}") = "GAP.TechnicalTest.Web", "GAP.TechnicalTest.Web\GAP.TechnicalTest.Web.csproj", "{A92C59A1-CFFC-4DA1-A85C-84FE058FF9E2}"
EndProject
Global
	GlobalSection(SolutionConfigurationPlatforms) = preSolution
		Debug|Any CPU = Debug|Any CPU
		Release|Any CPU = Release|Any CPU
	EndGlobalSection
	GlobalSection(ProjectConfigurationPlatforms) = postSolution
		{71FE6643-F968-442F-AB3C-DBAEA9ACCACA}.Debug|Any CPU.ActiveCfg = Debug|Any CPU
		{71FE6643-F968-442F-AB3C-DBAEA9ACCACA}.Debug|Any CPU.Build.0 = Debug|Any CPU
		{71FE6643-F968-442F-AB3C-DBAEA9ACCACA}.Release|Any CPU.ActiveCfg = Release|Any CPU
		{71FE6643-F968-442F-AB3C-DBAEA9ACCACA}.Release|Any CPU.Build.0 = Release|Any CPU
		{9905000A-8AEC-4840-913C-EF26BCF5514E}.Debug|Any CPU.ActiveCfg = Debug|Any CPU
		{9905000A-8AEC-4840-913C-EF26BCF5514E}.Debug|Any CPU.Build.0 = Debug|Any CPU
		{9905000A-8AEC-4840-913C-EF26BCF5514E}.Release|Any CPU.ActiveCfg = Release|Any CPU
		{9905000A-8AEC-4840-913C-EF26BCF5514E}.Release|Any CPU.Build.0 = Release|Any CPU
		{A92C59A1-CFFC-4DA1-A85C-84FE058FF9E2}.Debug|Any CPU.ActiveCfg = Debug|Any CPU
		{A92C59A1-CFFC-4DA1-A85C-84FE058FF9E2}.Debug|Any CPU.Build.0 = Debug|Any CPU
		{A92C59A1-CFFC-4DA1-A85C-84FE058FF9E2}.Release|Any CPU.ActiveCfg = Release|Any CPU
		{A92C59A1-CFFC-4DA1-A85C-84FE058FF9E2}.Release|Any CPU.Build.0 = Release|Any CPU
	EndGlobalSection
	GlobalSection(SolutionProperties) = preSolution
		HideSolutionNode = FALSE
	EndGlobalSection
EndGlobal
